
Microsoft Visual Studio Solution File, Format Version 12.00
# Visual Studio 15
VisualStudioVersion = 15.0.28307.539
MinimumVisualStudioVersion = 10.0.40219.1
Project("{FAE04EC0-301F-11D3-BF4B-00C04F79EFBC}") = "WissAppEntities", "WissAppEntities\WissAppEntities.csproj", "{7053BB2E-BDA7-4D43-B9EE-55E401E9AB74}"
EndProject
Project("{FAE04EC0-301F-11D3-BF4B-00C04F79EFBC}") = "WissAppEF", "WissAppEF\WissAppEF.csproj", "{34018986-31B6-4240-B875-9BE21B1FCBEE}"
EndProject
Project("{FAE04EC0-301F-11D3-BF4B-00C04F79EFBC}") = "AppCore", "AppCore\AppCore.csproj", "{0D3D90C7-144C-4C77-9FA0-E2E505B676BF}"
EndProject
Project("{FAE04EC0-301F-11D3-BF4B-00C04F79EFBC}") = "WissAppWebApi", "WissAppWebApi\WissAppWebApi.csproj", "{878A968D-3E97-4A98-87A4-67945944A834}"
EndProject
Global
	GlobalSection(SolutionConfigurationPlatforms) = preSolution
		Debug|Any CPU = Debug|Any CPU
		Release|Any CPU = Release|Any CPU
	EndGlobalSection
	GlobalSection(ProjectConfigurationPlatforms) = postSolution
		{7053BB2E-BDA7-4D43-B9EE-55E401E9AB74}.Debug|Any CPU.ActiveCfg = Debug|Any CPU
		{7053BB2E-BDA7-4D43-B9EE-55E401E9AB74}.Debug|Any CPU.Build.0 = Debug|Any CPU
		{7053BB2E-BDA7-4D43-B9EE-55E401E9AB74}.Release|Any CPU.ActiveCfg = Release|Any CPU
		{7053BB2E-BDA7-4D43-B9EE-55E401E9AB74}.Release|Any CPU.Build.0 = Release|Any CPU
		{34018986-31B6-4240-B875-9BE21B1FCBEE}.Debug|Any CPU.ActiveCfg = Debug|Any CPU
		{34018986-31B6-4240-B875-9BE21B1FCBEE}.Debug|Any CPU.Build.0 = Debug|Any CPU
		{34018986-31B6-4240-B875-9BE21B1FCBEE}.Release|Any CPU.ActiveCfg = Release|Any CPU
		{34018986-31B6-4240-B875-9BE21B1FCBEE}.Release|Any CPU.Build.0 = Release|Any CPU
		{0D3D90C7-144C-4C77-9FA0-E2E505B676BF}.Debug|Any CPU.ActiveCfg = Debug|Any CPU
		{0D3D90C7-144C-4C77-9FA0-E2E505B676BF}.Debug|Any CPU.Build.0 = Debug|Any CPU
		{0D3D90C7-144C-4C77-9FA0-E2E505B676BF}.Release|Any CPU.ActiveCfg = Release|Any CPU
		{0D3D90C7-144C-4C77-9FA0-E2E505B676BF}.Release|Any CPU.Build.0 = Release|Any CPU
		{878A968D-3E97-4A98-87A4-67945944A834}.Debug|Any CPU.ActiveCfg = Debug|Any CPU
		{878A968D-3E97-4A98-87A4-67945944A834}.Debug|Any CPU.Build.0 = Debug|Any CPU
		{878A968D-3E97-4A98-87A4-67945944A834}.Release|Any CPU.ActiveCfg = Release|Any CPU
		{878A968D-3E97-4A98-87A4-67945944A834}.Release|Any CPU.Build.0 = Release|Any CPU
	EndGlobalSection
	GlobalSection(SolutionProperties) = preSolution
		HideSolutionNode = FALSE
	EndGlobalSection
	GlobalSection(ExtensibilityGlobals) = postSolution
		SolutionGuid = {73859726-C3CA-4D75-8D65-9E10C8013BB3}
	EndGlobalSection
EndGlobal
